
Microsoft Visual Studio Solution File, Format Version 12.00
# Visual Studio Version 16
VisualStudioVersion = 16.0.30621.155
MinimumVisualStudioVersion = 10.0.40219.1
Project("{FAE04EC0-301F-11D3-BF4B-00C04F79EFBC}") = "demo-core-web-app1", "demo-core-web-app1\demo-core-web-app1.csproj", "{06157D75-6EFF-4D21-BC72-7C5836A58A38}"
EndProject
Global
	GlobalSection(SolutionConfigurationPlatforms) = preSolution
		Debug|Any CPU = Debug|Any CPU
		Release|Any CPU = Release|Any CPU
	EndGlobalSection
	GlobalSection(ProjectConfigurationPlatforms) = postSolution
		{06157D75-6EFF-4D21-BC72-7C5836A58A38}.Debug|Any CPU.ActiveCfg = Debug|Any CPU
		{06157D75-6EFF-4D21-BC72-7C5836A58A38}.Debug|Any CPU.Build.0 = Debug|Any CPU
		{06157D75-6EFF-4D21-BC72-7C5836A58A38}.Release|Any CPU.ActiveCfg = Release|Any CPU
		{06157D75-6EFF-4D21-BC72-7C5836A58A38}.Release|Any CPU.Build.0 = Release|Any CPU
	EndGlobalSection
	GlobalSection(SolutionProperties) = preSolution
		HideSolutionNode = FALSE
	EndGlobalSection
	GlobalSection(ExtensibilityGlobals) = postSolution
		SolutionGuid = {281C8B23-45DC-4D15-B3FA-49F552803059}
	EndGlobalSection
EndGlobal
